
Microsoft Visual Studio Solution File, Format Version 12.00
# Visual Studio Version 17
VisualStudioVersion = 17.4.33213.308
MinimumVisualStudioVersion = 10.0.40219.1
Project("{9A19103F-16F7-4668-BE54-9A1E7A4F7556}") = "bds-site-web(version7)", "bds-site-web(version7).csproj", "{EE836749-DF50-4879-B719-09E5A74EEC60}"
EndProject
Global
	GlobalSection(SolutionConfigurationPlatforms) = preSolution
		Debug|Any CPU = Debug|Any CPU
		Release|Any CPU = Release|Any CPU
	EndGlobalSection
	GlobalSection(ProjectConfigurationPlatforms) = postSolution
		{EE836749-DF50-4879-B719-09E5A74EEC60}.Debug|Any CPU.ActiveCfg = Debug|Any CPU
		{EE836749-DF50-4879-B719-09E5A74EEC60}.Debug|Any CPU.Build.0 = Debug|Any CPU
		{EE836749-DF50-4879-B719-09E5A74EEC60}.Release|Any CPU.ActiveCfg = Release|Any CPU
		{EE836749-DF50-4879-B719-09E5A74EEC60}.Release|Any CPU.Build.0 = Release|Any CPU
	EndGlobalSection
	GlobalSection(SolutionProperties) = preSolution
		HideSolutionNode = FALSE
	EndGlobalSection
	GlobalSection(ExtensibilityGlobals) = postSolution
		SolutionGuid = {46255A25-0C3C-4FC9-9226-8B5A6889EEE0}
	EndGlobalSection
EndGlobal
