
Microsoft Visual Studio Solution File, Format Version 12.00
# Visual Studio Version 17
VisualStudioVersion = 17.4.33213.308
MinimumVisualStudioVersion = 10.0.40219.1
Project("{FAE04EC0-301F-11D3-BF4B-00C04F79EFBC}") = "bds-site-web(version 5)", "bds-site-web(version 5)\bds-site-web(version 5).csproj", "{E9BDED3D-CC66-4FEE-A3C5-3F88ECA67EA0}"
EndProject
Global
	GlobalSection(SolutionConfigurationPlatforms) = preSolution
		Debug|Any CPU = Debug|Any CPU
		Release|Any CPU = Release|Any CPU
	EndGlobalSection
	GlobalSection(ProjectConfigurationPlatforms) = postSolution
		{E9BDED3D-CC66-4FEE-A3C5-3F88ECA67EA0}.Debug|Any CPU.ActiveCfg = Debug|Any CPU
		{E9BDED3D-CC66-4FEE-A3C5-3F88ECA67EA0}.Debug|Any CPU.Build.0 = Debug|Any CPU
		{E9BDED3D-CC66-4FEE-A3C5-3F88ECA67EA0}.Release|Any CPU.ActiveCfg = Release|Any CPU
		{E9BDED3D-CC66-4FEE-A3C5-3F88ECA67EA0}.Release|Any CPU.Build.0 = Release|Any CPU
	EndGlobalSection
	GlobalSection(SolutionProperties) = preSolution
		HideSolutionNode = FALSE
	EndGlobalSection
	GlobalSection(ExtensibilityGlobals) = postSolution
		SolutionGuid = {DC6F2973-ECA6-4DCA-AC69-449F1B93CD24}
	EndGlobalSection
EndGlobal
